
Microsoft Visual Studio Solution File, Format Version 12.00
# Visual Studio Version 16
VisualStudioVersion = 16.0.32413.511
MinimumVisualStudioVersion = 10.0.40219.1
Project("{8BC9CEB8-8B4A-11D0-8D11-00A0C91BC942}") = "Tree_Date_Structure", "Tree_Date_Structure\Tree_Date_Structure.vcxproj", "{03D262C6-9CB3-4AF3-BD7F-C07C9465E7F2}"
EndProject
Global
	GlobalSection(SolutionConfigurationPlatforms) = preSolution
		Debug|x64 = Debug|x64
		Debug|x86 = Debug|x86
		Release|x64 = Release|x64
		Release|x86 = Release|x86
	EndGlobalSection
	GlobalSection(ProjectConfigurationPlatforms) = postSolution
		{03D262C6-9CB3-4AF3-BD7F-C07C9465E7F2}.Debug|x64.ActiveCfg = Debug|x64
		{03D262C6-9CB3-4AF3-BD7F-C07C9465E7F2}.Debug|x64.Build.0 = Debug|x64
		{03D262C6-9CB3-4AF3-BD7F-C07C9465E7F2}.Debug|x86.ActiveCfg = Debug|Win32
		{03D262C6-9CB3-4AF3-BD7F-C07C9465E7F2}.Debug|x86.Build.0 = Debug|Win32
		{03D262C6-9CB3-4AF3-BD7F-C07C9465E7F2}.Release|x64.ActiveCfg = Release|x64
		{03D262C6-9CB3-4AF3-BD7F-C07C9465E7F2}.Release|x64.Build.0 = Release|x64
		{03D262C6-9CB3-4AF3-BD7F-C07C9465E7F2}.Release|x86.ActiveCfg = Release|Win32
		{03D262C6-9CB3-4AF3-BD7F-C07C9465E7F2}.Release|x86.Build.0 = Release|Win32
	EndGlobalSection
	GlobalSection(SolutionProperties) = preSolution
		HideSolutionNode = FALSE
	EndGlobalSection
	GlobalSection(ExtensibilityGlobals) = postSolution
		SolutionGuid = {5C8A4733-4D45-45C1-BBB3-755E9D43527C}
	EndGlobalSection
EndGlobal
